<?xml version="1.0" encoding="utf-8"?>
<Project ToolsVersion="4.0" xmlns="http://schemas.microsoft.com/developer/msbuild/2003">
  <ItemGroup>
    <Filter Include="Headers">
      <UniqueIdentifier>{93995380-89BD-4b04-88EB-625FBE52EBFB}</UniqueIdentifier>
      <Extensions>h;hh;hpp;hxx;hm;inl;inc;xsd</Extensions>
    </Filter>
    <Filter Include="Sources">
      <UniqueIdentifier>{4FC737F1-C7A5-4376-A066-2A32D752A2FF}</UniqueIdentifier>
      <Extensions>cpp;c;cc;cxx;def;odl;idl;hpj;bat;asm;asmx</Extensions>
    </Filter>
    <Filter Include="Resources">
      <UniqueIdentifier>{67DA6AB6-F800-4c08-8B7A-83BB121AAD01}</UniqueIdentifier>
      <Extensions>rc;ico;cur;bmp;dlg;rc2;rct;bin;rgs;gif;jpg;jpeg;jpe;resx;tiff;tif;png;wav;mfcribbon-ms</Extensions>
    </Filter>
    <Filter Include="Lua">
      <UniqueIdentifier>{966d0f6a-656d-43e6-bf1a-d43a396331fe}</UniqueIdentifier>
    </Filter>
  </ItemGroup>
  <ItemGroup>
    <ClCompile Include="src\ane_main.cpp">
      <Filter>Sources</Filter>
    </ClCompile>
    <ClCompile Include="src\as3lua.cpp">
      <Filter>Sources</Filter>
    </ClCompile>
    <ClCompile Include="src\inputex.cpp">
      <Filter>Sources</Filter>
    </ClCompile>
    <ClCompile Include="src\lapi.c">
      <Filter>Lua</Filter>
    </ClCompile>
    <ClCompile Include="src\lauxlib.c">
      <Filter>Lua</Filter>
    </ClCompile>
    <ClCompile Include="src\lbaselib.c">
      <Filter>Lua</Filter>
    </ClCompile>
    <ClCompile Include="src\lcode.c">
      <Filter>Lua</Filter>
    </ClCompile>
    <ClCompile Include="src\lcorolib.c">
      <Filter>Lua</Filter>
    </ClCompile>
    <ClCompile Include="src\lctype.c">
      <Filter>Lua</Filter>
    </ClCompile>
    <ClCompile Include="src\ldblib.c">
      <Filter>Lua</Filter>
    </ClCompile>
    <ClCompile Include="src\ldebug.c">
      <Filter>Lua</Filter>
    </ClCompile>
    <ClCompile Include="src\ldo.c">
      <Filter>Lua</Filter>
    </ClCompile>
    <ClCompile Include="src\ldump.c">
      <Filter>Lua</Filter>
    </ClCompile>
    <ClCompile Include="src\lfunc.c">
      <Filter>Lua</Filter>
    </ClCompile>
    <ClCompile Include="src\lgc.c">
      <Filter>Lua</Filter>
    </ClCompile>
    <ClCompile Include="src\linit.c">
      <Filter>Lua</Filter>
    </ClCompile>
    <ClCompile Include="src\liolib.c">
      <Filter>Lua</Filter>
    </ClCompile>
    <ClCompile Include="src\llex.c">
      <Filter>Lua</Filter>
    </ClCompile>
    <ClCompile Include="src\lmathlib.c">
      <Filter>Lua</Filter>
    </ClCompile>
    <ClCompile Include="src\lmem.c">
      <Filter>Lua</Filter>
    </ClCompile>
    <ClCompile Include="src\loadlib.c">
      <Filter>Lua</Filter>
    </ClCompile>
    <ClCompile Include="src\lobject.c">
      <Filter>Lua</Filter>
    </ClCompile>
    <ClCompile Include="src\lopcodes.c">
      <Filter>Lua</Filter>
    </ClCompile>
    <ClCompile Include="src\loslib.c">
      <Filter>Lua</Filter>
    </ClCompile>
    <ClCompile Include="src\lparser.c">
      <Filter>Lua</Filter>
    </ClCompile>
    <ClCompile Include="src\lstate.c">
      <Filter>Lua</Filter>
    </ClCompile>
    <ClCompile Include="src\lstring.c">
      <Filter>Lua</Filter>
    </ClCompile>
    <ClCompile Include="src\lstrlib.c">
      <Filter>Lua</Filter>
    </ClCompile>
    <ClCompile Include="src\ltable.c">
      <Filter>Lua</Filter>
    </ClCompile>
    <ClCompile Include="src\ltablib.c">
      <Filter>Lua</Filter>
    </ClCompile>
    <ClCompile Include="src\ltm.c">
      <Filter>Lua</Filter>
    </ClCompile>
    <ClCompile Include="src\luac.c">
      <Filter>Lua</Filter>
    </ClCompile>
    <ClCompile Include="src\lundump.c">
      <Filter>Lua</Filter>
    </ClCompile>
    <ClCompile Include="src\lutf8lib.c">
      <Filter>Lua</Filter>
    </ClCompile>
    <ClCompile Include="src\lvm.c">
      <Filter>Lua</Filter>
    </ClCompile>
    <ClCompile Include="src\lzio.c">
      <Filter>Lua</Filter>
    </ClCompile>
    <ClCompile Include="src\net.cpp">
      <Filter>Sources</Filter>
    </ClCompile>
  </ItemGroup>
  <ItemGroup>
    <ClInclude Include="src\lapi.h">
      <Filter>Lua</Filter>
    </ClInclude>
    <ClInclude Include="src\lauxlib.h">
      <Filter>Lua</Filter>
    </ClInclude>
    <ClInclude Include="src\lcode.h">
      <Filter>Lua</Filter>
    </ClInclude>
    <ClInclude Include="src\lctype.h">
      <Filter>Lua</Filter>
    </ClInclude>
    <ClInclude Include="src\ldebug.h">
      <Filter>Lua</Filter>
    </ClInclude>
    <ClInclude Include="src\ldo.h">
      <Filter>Lua</Filter>
    </ClInclude>
    <ClInclude Include="src\lfunc.h">
      <Filter>Lua</Filter>
    </ClInclude>
    <ClInclude Include="src\lgc.h">
      <Filter>Lua</Filter>
    </ClInclude>
    <ClInclude Include="src\ljumptab.h">
      <Filter>Lua</Filter>
    </ClInclude>
    <ClInclude Include="src\llex.h">
      <Filter>Lua</Filter>
    </ClInclude>
    <ClInclude Include="src\llimits.h">
      <Filter>Lua</Filter>
    </ClInclude>
    <ClInclude Include="src\lmem.h">
      <Filter>Lua</Filter>
    </ClInclude>
    <ClInclude Include="src\lobject.h">
      <Filter>Lua</Filter>
    </ClInclude>
    <ClInclude Include="src\lopcodes.h">
      <Filter>Lua</Filter>
    </ClInclude>
    <ClInclude Include="src\lopnames.h">
      <Filter>Lua</Filter>
    </ClInclude>
    <ClInclude Include="src\lparser.h">
      <Filter>Lua</Filter>
    </ClInclude>
    <ClInclude Include="src\lprefix.h">
      <Filter>Lua</Filter>
    </ClInclude>
    <ClInclude Include="src\lstate.h">
      <Filter>Lua</Filter>
    </ClInclude>
    <ClInclude Include="src\lstring.h">
      <Filter>Lua</Filter>
    </ClInclude>
    <ClInclude Include="src\ltable.h">
      <Filter>Lua</Filter>
    </ClInclude>
    <ClInclude Include="src\ltm.h">
      <Filter>Lua</Filter>
    </ClInclude>
    <ClInclude Include="src\lua.h">
      <Filter>Lua</Filter>
    </ClInclude>
    <ClInclude Include="src\luaconf.h">
      <Filter>Lua</Filter>
    </ClInclude>
    <ClInclude Include="src\lualib.h">
      <Filter>Lua</Filter>
    </ClInclude>
    <ClInclude Include="src\lundump.h">
      <Filter>Lua</Filter>
    </ClInclude>
    <ClInclude Include="src\lvm.h">
      <Filter>Lua</Filter>
    </ClInclude>
    <ClInclude Include="src\lzio.h">
      <Filter>Lua</Filter>
    </ClInclude>
    <ClInclude Include="src\lua.hpp">
      <Filter>Lua</Filter>
    </ClInclude>
    <ClInclude Include="src\ane.h">
      <Filter>Headers</Filter>
    </ClInclude>
    <ClInclude Include="src\as3lua.h">
      <Filter>Headers</Filter>
    </ClInclude>
    <ClInclude Include="src\inputex.h">
      <Filter>Headers</Filter>
    </ClInclude>
    <ClInclude Include="src\main.h">
      <Filter>Headers</Filter>
    </ClInclude>
    <ClInclude Include="src\net.h">
      <Filter>Headers</Filter>
    </ClInclude>
  </ItemGroup>
</Project>